{
  "name": "i18n-smell-detector",
  "version": "0.2.0",
  "lockfileVersion": 3,
  "requires": true,
  "packages": {
    "": {
      "name": "i18n-smell-detector",
      "version": "0.2.0",
      "license": "MIT",
      "bin": {
        "i18n-smell-detector": "bin/i18n-smell-detector.js"
      },
      "engines": {
        "node": ">=18.17"
      }
    }
  }
}
